
Microsoft Visual Studio Solution File, Format Version 12.00
# Visual Studio Version 17
VisualStudioVersion = 17.5.33502.453
MinimumVisualStudioVersion = 10.0.40219.1
Project("{FAE04EC0-301F-11D3-BF4B-00C04F79EFBC}") = "Рыбалка", "Рыбалка\Рыбалка.csproj", "{B00D3D4D-5174-4080-9EB2-014CD0837A56}"
EndProject
Global
	GlobalSection(SolutionConfigurationPlatforms) = preSolution
		Debug|Any CPU = Debug|Any CPU
		Release|Any CPU = Release|Any CPU
	EndGlobalSection
	GlobalSection(ProjectConfigurationPlatforms) = postSolution
		{B00D3D4D-5174-4080-9EB2-014CD0837A56}.Debug|Any CPU.ActiveCfg = Debug|Any CPU
		{B00D3D4D-5174-4080-9EB2-014CD0837A56}.Debug|Any CPU.Build.0 = Debug|Any CPU
		{B00D3D4D-5174-4080-9EB2-014CD0837A56}.Release|Any CPU.ActiveCfg = Release|Any CPU
		{B00D3D4D-5174-4080-9EB2-014CD0837A56}.Release|Any CPU.Build.0 = Release|Any CPU
	EndGlobalSection
	GlobalSection(SolutionProperties) = preSolution
		HideSolutionNode = FALSE
	EndGlobalSection
	GlobalSection(ExtensibilityGlobals) = postSolution
		SolutionGuid = {ACDF3295-58F7-40D4-961C-14A37BD2C273}
	EndGlobalSection
EndGlobal
